
Microsoft Visual Studio Solution File, Format Version 12.00
# Visual Studio Version 17
VisualStudioVersion = 17.0.31903.59
MinimumVisualStudioVersion = 10.0.40219.1
Project("{FAE04EC0-301F-11D3-BF4B-00C04F79EFBC}") = "IsTranscribe.Core", "src\IsTranscribe.Core\IsTranscribe.Core.csproj", "{B8F1A11D-4C9E-4A10-9F5D-87E26A9C1D01}"
EndProject
Project("{FAE04EC0-301F-11D3-BF4B-00C04F79EFBC}") = "IsTranscribe.Persistence", "src\IsTranscribe.Persistence\IsTranscribe.Persistence.csproj", "{0F3A6D22-CA1D-4FD7-9C83-7B152E4C9906}"
EndProject
Project("{FAE04EC0-301F-11D3-BF4B-00C04F79EFBC}") = "IsTranscribe.Platform.Windows", "src\IsTranscribe.Platform.Windows\IsTranscribe.Platform.Windows.csproj", "{C6D94B23-3A3B-4D74-BC4B-2E71F2D54402}"
EndProject
Project("{FAE04EC0-301F-11D3-BF4B-00C04F79EFBC}") = "IsTranscribe.Desktop", "src\IsTranscribe.Desktop\IsTranscribe.Desktop.csproj", "{D7A5C932-8F63-4B58-9C61-3F2D1B7A5503}"
EndProject
Project("{FAE04EC0-301F-11D3-BF4B-00C04F79EFBC}") = "IsTranscribe.DetectionAcceptance", "tools\IsTranscribe.DetectionAcceptance\IsTranscribe.DetectionAcceptance.csproj", "{A9A9160B-352B-4B02-B4C3-1D8A5F11E011}"
EndProject
Project("{FAE04EC0-301F-11D3-BF4B-00C04F79EFBC}") = "IsTranscribe.VisualReview", "tools\IsTranscribe.VisualReview\IsTranscribe.VisualReview.csproj", "{E4C0D0A8-83A2-46F9-BF27-EBE7D6901313}"
EndProject
Project("{FAE04EC0-301F-11D3-BF4B-00C04F79EFBC}") = "IsTranscribe.Core.Tests", "tests\IsTranscribe.Core.Tests\IsTranscribe.Core.Tests.csproj", "{E8B6D043-7A54-4C62-A972-4F3E2C8B6604}"
EndProject
Project("{FAE04EC0-301F-11D3-BF4B-00C04F79EFBC}") = "IsTranscribe.Platform.Windows.Tests", "tests\IsTranscribe.Platform.Windows.Tests\IsTranscribe.Platform.Windows.Tests.csproj", "{F9C7E154-8B65-4D73-AA83-5A4F3D9C7705}"
EndProject
Project("{FAE04EC0-301F-11D3-BF4B-00C04F79EFBC}") = "IsTranscribe.Persistence.Tests", "tests\IsTranscribe.Persistence.Tests\IsTranscribe.Persistence.Tests.csproj", "{17C08E61-7DA2-44F5-A118-6F31D2E0AA07}"
EndProject
Project("{FAE04EC0-301F-11D3-BF4B-00C04F79EFBC}") = "IsTranscribe.Desktop.Tests", "tests\IsTranscribe.Desktop.Tests\IsTranscribe.Desktop.Tests.csproj", "{8DC0AFC4-6D65-4E61-A579-96ED6B566BB3}"
EndProject
Project("{2150E333-8FDC-42A3-9474-1A3956D46DE8}") = "src", "src", "{827E0CD3-B72D-47B6-A68D-7590B98EB39B}"
EndProject
Project("{FAE04EC0-301F-11D3-BF4B-00C04F79EFBC}") = "IsTranscribe.Application", "src\IsTranscribe.Application\IsTranscribe.Application.csproj", "{A0544F36-F2D2-4E42-980C-CEF8BFD84BFC}"
EndProject
Project("{FAE04EC0-301F-11D3-BF4B-00C04F79EFBC}") = "IsTranscribe.Platform.MacOS", "src\IsTranscribe.Platform.MacOS\IsTranscribe.Platform.MacOS.csproj", "{0B6AFE25-1C35-4D97-BC38-524A143C85B4}"
EndProject
Project("{FAE04EC0-301F-11D3-BF4B-00C04F79EFBC}") = "IsTranscribe.App.Windows", "src\IsTranscribe.App.Windows\IsTranscribe.App.Windows.csproj", "{39DEC914-0FA8-428F-97A1-B7E961BE2EAE}"
EndProject
Project("{FAE04EC0-301F-11D3-BF4B-00C04F79EFBC}") = "IsTranscribe.App.MacOS", "src\IsTranscribe.App.MacOS\IsTranscribe.App.MacOS.csproj", "{2205EBAD-A467-4B77-A650-9B5D05835460}"
EndProject
Project("{2150E333-8FDC-42A3-9474-1A3956D46DE8}") = "tests", "tests", "{0AB3BF05-4346-4AA6-1389-037BE0695223}"
EndProject
Project("{FAE04EC0-301F-11D3-BF4B-00C04F79EFBC}") = "IsTranscribe.Application.Tests", "tests\IsTranscribe.Application.Tests\IsTranscribe.Application.Tests.csproj", "{79AD404E-4127-49A1-A371-C2F97C3D057B}"
EndProject
Project("{FAE04EC0-301F-11D3-BF4B-00C04F79EFBC}") = "IsTranscribe.Platform.ContractTests", "tests\IsTranscribe.Platform.ContractTests\IsTranscribe.Platform.ContractTests.csproj", "{AEBB686D-EA02-4C15-8269-19095D5F8C0E}"
EndProject
Project("{FAE04EC0-301F-11D3-BF4B-00C04F79EFBC}") = "IsTranscribe.Platform.MacOS.Tests", "tests\IsTranscribe.Platform.MacOS.Tests\IsTranscribe.Platform.MacOS.Tests.csproj", "{70E9CFDF-7994-4674-851F-12293E776405}"
EndProject
Project("{FAE04EC0-301F-11D3-BF4B-00C04F79EFBC}") = "IsTranscribe.Transcription.Local", "src\IsTranscribe.Transcription.Local\IsTranscribe.Transcription.Local.csproj", "{0B0D23D1-D7D9-4F73-9256-FD95EBCD1A8D}"
EndProject
Project("{FAE04EC0-301F-11D3-BF4B-00C04F79EFBC}") = "IsTranscribe.Transcription.Local.Tests", "tests\IsTranscribe.Transcription.Local.Tests\IsTranscribe.Transcription.Local.Tests.csproj", "{7F44D6D0-F481-4DF5-A19E-6BA22C157CD6}"
EndProject
Project("{FAE04EC0-301F-11D3-BF4B-00C04F79EFBC}") = "IsTranscribe.Transcription.Worker", "src\IsTranscribe.Transcription.Worker\IsTranscribe.Transcription.Worker.csproj", "{8745A241-7504-479B-AC58-E475DB50896F}"
EndProject
Project("{FAE04EC0-301F-11D3-BF4B-00C04F79EFBC}") = "IsTranscribe.Transcription.Worker.Tests", "tests\IsTranscribe.Transcription.Worker.Tests\IsTranscribe.Transcription.Worker.Tests.csproj", "{FBE363B7-6A76-4FDF-8DF0-55377A8FBD7C}"
EndProject
Global
	GlobalSection(SolutionConfigurationPlatforms) = preSolution
		Debug|Any CPU = Debug|Any CPU
		Debug|x64 = Debug|x64
		Debug|x86 = Debug|x86
		Release|Any CPU = Release|Any CPU
		Release|x64 = Release|x64
		Release|x86 = Release|x86
	EndGlobalSection
	GlobalSection(ProjectConfigurationPlatforms) = postSolution
		{B8F1A11D-4C9E-4A10-9F5D-87E26A9C1D01}.Debug|Any CPU.ActiveCfg = Debug|Any CPU
		{B8F1A11D-4C9E-4A10-9F5D-87E26A9C1D01}.Debug|Any CPU.Build.0 = Debug|Any CPU
		{B8F1A11D-4C9E-4A10-9F5D-87E26A9C1D01}.Debug|x64.ActiveCfg = Debug|Any CPU
		{B8F1A11D-4C9E-4A10-9F5D-87E26A9C1D01}.Debug|x64.Build.0 = Debug|Any CPU
		{B8F1A11D-4C9E-4A10-9F5D-87E26A9C1D01}.Debug|x86.ActiveCfg = Debug|Any CPU
		{B8F1A11D-4C9E-4A10-9F5D-87E26A9C1D01}.Debug|x86.Build.0 = Debug|Any CPU
		{B8F1A11D-4C9E-4A10-9F5D-87E26A9C1D01}.Release|Any CPU.ActiveCfg = Release|Any CPU
		{B8F1A11D-4C9E-4A10-9F5D-87E26A9C1D01}.Release|Any CPU.Build.0 = Release|Any CPU
		{B8F1A11D-4C9E-4A10-9F5D-87E26A9C1D01}.Release|x64.ActiveCfg = Release|Any CPU
		{B8F1A11D-4C9E-4A10-9F5D-87E26A9C1D01}.Release|x64.Build.0 = Release|Any CPU
		{B8F1A11D-4C9E-4A10-9F5D-87E26A9C1D01}.Release|x86.ActiveCfg = Release|Any CPU
		{B8F1A11D-4C9E-4A10-9F5D-87E26A9C1D01}.Release|x86.Build.0 = Release|Any CPU
		{0F3A6D22-CA1D-4FD7-9C83-7B152E4C9906}.Debug|Any CPU.ActiveCfg = Debug|Any CPU
		{0F3A6D22-CA1D-4FD7-9C83-7B152E4C9906}.Debug|Any CPU.Build.0 = Debug|Any CPU
		{0F3A6D22-CA1D-4FD7-9C83-7B152E4C9906}.Debug|x64.ActiveCfg = Debug|Any CPU
		{0F3A6D22-CA1D-4FD7-9C83-7B152E4C9906}.Debug|x64.Build.0 = Debug|Any CPU
		{0F3A6D22-CA1D-4FD7-9C83-7B152E4C9906}.Debug|x86.ActiveCfg = Debug|Any CPU
		{0F3A6D22-CA1D-4FD7-9C83-7B152E4C9906}.Debug|x86.Build.0 = Debug|Any CPU
		{0F3A6D22-CA1D-4FD7-9C83-7B152E4C9906}.Release|Any CPU.ActiveCfg = Release|Any CPU
		{0F3A6D22-CA1D-4FD7-9C83-7B152E4C9906}.Release|Any CPU.Build.0 = Release|Any CPU
		{0F3A6D22-CA1D-4FD7-9C83-7B152E4C9906}.Release|x64.ActiveCfg = Release|Any CPU
		{0F3A6D22-CA1D-4FD7-9C83-7B152E4C9906}.Release|x64.Build.0 = Release|Any CPU
		{0F3A6D22-CA1D-4FD7-9C83-7B152E4C9906}.Release|x86.ActiveCfg = Release|Any CPU
		{0F3A6D22-CA1D-4FD7-9C83-7B152E4C9906}.Release|x86.Build.0 = Release|Any CPU
		{C6D94B23-3A3B-4D74-BC4B-2E71F2D54402}.Debug|Any CPU.ActiveCfg = Debug|Any CPU
		{C6D94B23-3A3B-4D74-BC4B-2E71F2D54402}.Debug|Any CPU.Build.0 = Debug|Any CPU
		{C6D94B23-3A3B-4D74-BC4B-2E71F2D54402}.Debug|x64.ActiveCfg = Debug|Any CPU
		{C6D94B23-3A3B-4D74-BC4B-2E71F2D54402}.Debug|x64.Build.0 = Debug|Any CPU
		{C6D94B23-3A3B-4D74-BC4B-2E71F2D54402}.Debug|x86.ActiveCfg = Debug|Any CPU
		{C6D94B23-3A3B-4D74-BC4B-2E71F2D54402}.Debug|x86.Build.0 = Debug|Any CPU
		{C6D94B23-3A3B-4D74-BC4B-2E71F2D54402}.Release|Any CPU.ActiveCfg = Release|Any CPU
		{C6D94B23-3A3B-4D74-BC4B-2E71F2D54402}.Release|Any CPU.Build.0 = Release|Any CPU
		{C6D94B23-3A3B-4D74-BC4B-2E71F2D54402}.Release|x64.ActiveCfg = Release|Any CPU
		{C6D94B23-3A3B-4D74-BC4B-2E71F2D54402}.Release|x64.Build.0 = Release|Any CPU
		{C6D94B23-3A3B-4D74-BC4B-2E71F2D54402}.Release|x86.ActiveCfg = Release|Any CPU
		{C6D94B23-3A3B-4D74-BC4B-2E71F2D54402}.Release|x86.Build.0 = Release|Any CPU
		{D7A5C932-8F63-4B58-9C61-3F2D1B7A5503}.Debug|Any CPU.ActiveCfg = Debug|Any CPU
		{D7A5C932-8F63-4B58-9C61-3F2D1B7A5503}.Debug|Any CPU.Build.0 = Debug|Any CPU
		{D7A5C932-8F63-4B58-9C61-3F2D1B7A5503}.Debug|x64.ActiveCfg = Debug|Any CPU
		{D7A5C932-8F63-4B58-9C61-3F2D1B7A5503}.Debug|x64.Build.0 = Debug|Any CPU
		{D7A5C932-8F63-4B58-9C61-3F2D1B7A5503}.Debug|x86.ActiveCfg = Debug|Any CPU
		{D7A5C932-8F63-4B58-9C61-3F2D1B7A5503}.Debug|x86.Build.0 = Debug|Any CPU
		{D7A5C932-8F63-4B58-9C61-3F2D1B7A5503}.Release|Any CPU.ActiveCfg = Release|Any CPU
		{D7A5C932-8F63-4B58-9C61-3F2D1B7A5503}.Release|Any CPU.Build.0 = Release|Any CPU
		{D7A5C932-8F63-4B58-9C61-3F2D1B7A5503}.Release|x64.ActiveCfg = Release|Any CPU
		{D7A5C932-8F63-4B58-9C61-3F2D1B7A5503}.Release|x64.Build.0 = Release|Any CPU
		{D7A5C932-8F63-4B58-9C61-3F2D1B7A5503}.Release|x86.ActiveCfg = Release|Any CPU
		{D7A5C932-8F63-4B58-9C61-3F2D1B7A5503}.Release|x86.Build.0 = Release|Any CPU
		{A9A9160B-352B-4B02-B4C3-1D8A5F11E011}.Debug|Any CPU.ActiveCfg = Debug|Any CPU
		{A9A9160B-352B-4B02-B4C3-1D8A5F11E011}.Debug|Any CPU.Build.0 = Debug|Any CPU
		{A9A9160B-352B-4B02-B4C3-1D8A5F11E011}.Debug|x64.ActiveCfg = Debug|Any CPU
		{A9A9160B-352B-4B02-B4C3-1D8A5F11E011}.Debug|x64.Build.0 = Debug|Any CPU
		{A9A9160B-352B-4B02-B4C3-1D8A5F11E011}.Debug|x86.ActiveCfg = Debug|Any CPU
		{A9A9160B-352B-4B02-B4C3-1D8A5F11E011}.Debug|x86.Build.0 = Debug|Any CPU
		{A9A9160B-352B-4B02-B4C3-1D8A5F11E011}.Release|Any CPU.ActiveCfg = Release|Any CPU
		{A9A9160B-352B-4B02-B4C3-1D8A5F11E011}.Release|Any CPU.Build.0 = Release|Any CPU
		{A9A9160B-352B-4B02-B4C3-1D8A5F11E011}.Release|x64.ActiveCfg = Release|Any CPU
		{A9A9160B-352B-4B02-B4C3-1D8A5F11E011}.Release|x64.Build.0 = Release|Any CPU
		{A9A9160B-352B-4B02-B4C3-1D8A5F11E011}.Release|x86.ActiveCfg = Release|Any CPU
		{A9A9160B-352B-4B02-B4C3-1D8A5F11E011}.Release|x86.Build.0 = Release|Any CPU
		{E4C0D0A8-83A2-46F9-BF27-EBE7D6901313}.Debug|Any CPU.ActiveCfg = Debug|Any CPU
		{E4C0D0A8-83A2-46F9-BF27-EBE7D6901313}.Debug|Any CPU.Build.0 = Debug|Any CPU
		{E4C0D0A8-83A2-46F9-BF27-EBE7D6901313}.Debug|x64.ActiveCfg = Debug|Any CPU
		{E4C0D0A8-83A2-46F9-BF27-EBE7D6901313}.Debug|x64.Build.0 = Debug|Any CPU
		{E4C0D0A8-83A2-46F9-BF27-EBE7D6901313}.Debug|x86.ActiveCfg = Debug|Any CPU
		{E4C0D0A8-83A2-46F9-BF27-EBE7D6901313}.Debug|x86.Build.0 = Debug|Any CPU
		{E4C0D0A8-83A2-46F9-BF27-EBE7D6901313}.Release|Any CPU.ActiveCfg = Release|Any CPU
		{E4C0D0A8-83A2-46F9-BF27-EBE7D6901313}.Release|Any CPU.Build.0 = Release|Any CPU
		{E4C0D0A8-83A2-46F9-BF27-EBE7D6901313}.Release|x64.ActiveCfg = Release|Any CPU
		{E4C0D0A8-83A2-46F9-BF27-EBE7D6901313}.Release|x64.Build.0 = Release|Any CPU
		{E4C0D0A8-83A2-46F9-BF27-EBE7D6901313}.Release|x86.ActiveCfg = Release|Any CPU
		{E4C0D0A8-83A2-46F9-BF27-EBE7D6901313}.Release|x86.Build.0 = Release|Any CPU
		{E8B6D043-7A54-4C62-A972-4F3E2C8B6604}.Debug|Any CPU.ActiveCfg = Debug|Any CPU
		{E8B6D043-7A54-4C62-A972-4F3E2C8B6604}.Debug|Any CPU.Build.0 = Debug|Any CPU
		{E8B6D043-7A54-4C62-A972-4F3E2C8B6604}.Debug|x64.ActiveCfg = Debug|Any CPU
		{E8B6D043-7A54-4C62-A972-4F3E2C8B6604}.Debug|x64.Build.0 = Debug|Any CPU
		{E8B6D043-7A54-4C62-A972-4F3E2C8B6604}.Debug|x86.ActiveCfg = Debug|Any CPU
		{E8B6D043-7A54-4C62-A972-4F3E2C8B6604}.Debug|x86.Build.0 = Debug|Any CPU
		{E8B6D043-7A54-4C62-A972-4F3E2C8B6604}.Release|Any CPU.ActiveCfg = Release|Any CPU
		{E8B6D043-7A54-4C62-A972-4F3E2C8B6604}.Release|Any CPU.Build.0 = Release|Any CPU
		{E8B6D043-7A54-4C62-A972-4F3E2C8B6604}.Release|x64.ActiveCfg = Release|Any CPU
		{E8B6D043-7A54-4C62-A972-4F3E2C8B6604}.Release|x64.Build.0 = Release|Any CPU
		{E8B6D043-7A54-4C62-A972-4F3E2C8B6604}.Release|x86.ActiveCfg = Release|Any CPU
		{E8B6D043-7A54-4C62-A972-4F3E2C8B6604}.Release|x86.Build.0 = Release|Any CPU
		{F9C7E154-8B65-4D73-AA83-5A4F3D9C7705}.Debug|Any CPU.ActiveCfg = Debug|Any CPU
		{F9C7E154-8B65-4D73-AA83-5A4F3D9C7705}.Debug|Any CPU.Build.0 = Debug|Any CPU
		{F9C7E154-8B65-4D73-AA83-5A4F3D9C7705}.Debug|x64.ActiveCfg = Debug|Any CPU
		{F9C7E154-8B65-4D73-AA83-5A4F3D9C7705}.Debug|x64.Build.0 = Debug|Any CPU
		{F9C7E154-8B65-4D73-AA83-5A4F3D9C7705}.Debug|x86.ActiveCfg = Debug|Any CPU
		{F9C7E154-8B65-4D73-AA83-5A4F3D9C7705}.Debug|x86.Build.0 = Debug|Any CPU
		{F9C7E154-8B65-4D73-AA83-5A4F3D9C7705}.Release|Any CPU.ActiveCfg = Release|Any CPU
		{F9C7E154-8B65-4D73-AA83-5A4F3D9C7705}.Release|Any CPU.Build.0 = Release|Any CPU
		{F9C7E154-8B65-4D73-AA83-5A4F3D9C7705}.Release|x64.ActiveCfg = Release|Any CPU
		{F9C7E154-8B65-4D73-AA83-5A4F3D9C7705}.Release|x64.Build.0 = Release|Any CPU
		{F9C7E154-8B65-4D73-AA83-5A4F3D9C7705}.Release|x86.ActiveCfg = Release|Any CPU
		{F9C7E154-8B65-4D73-AA83-5A4F3D9C7705}.Release|x86.Build.0 = Release|Any CPU
		{17C08E61-7DA2-44F5-A118-6F31D2E0AA07}.Debug|Any CPU.ActiveCfg = Debug|Any CPU
		{17C08E61-7DA2-44F5-A118-6F31D2E0AA07}.Debug|Any CPU.Build.0 = Debug|Any CPU
		{17C08E61-7DA2-44F5-A118-6F31D2E0AA07}.Debug|x64.ActiveCfg = Debug|Any CPU
		{17C08E61-7DA2-44F5-A118-6F31D2E0AA07}.Debug|x64.Build.0 = Debug|Any CPU
		{17C08E61-7DA2-44F5-A118-6F31D2E0AA07}.Debug|x86.ActiveCfg = Debug|Any CPU
		{17C08E61-7DA2-44F5-A118-6F31D2E0AA07}.Debug|x86.Build.0 = Debug|Any CPU
		{17C08E61-7DA2-44F5-A118-6F31D2E0AA07}.Release|Any CPU.ActiveCfg = Release|Any CPU
		{17C08E61-7DA2-44F5-A118-6F31D2E0AA07}.Release|Any CPU.Build.0 = Release|Any CPU
		{17C08E61-7DA2-44F5-A118-6F31D2E0AA07}.Release|x64.ActiveCfg = Release|Any CPU
		{17C08E61-7DA2-44F5-A118-6F31D2E0AA07}.Release|x64.Build.0 = Release|Any CPU
		{17C08E61-7DA2-44F5-A118-6F31D2E0AA07}.Release|x86.ActiveCfg = Release|Any CPU
		{17C08E61-7DA2-44F5-A118-6F31D2E0AA07}.Release|x86.Build.0 = Release|Any CPU
		{8DC0AFC4-6D65-4E61-A579-96ED6B566BB3}.Debug|Any CPU.ActiveCfg = Debug|Any CPU
		{8DC0AFC4-6D65-4E61-A579-96ED6B566BB3}.Debug|Any CPU.Build.0 = Debug|Any CPU
		{8DC0AFC4-6D65-4E61-A579-96ED6B566BB3}.Debug|x64.ActiveCfg = Debug|Any CPU
		{8DC0AFC4-6D65-4E61-A579-96ED6B566BB3}.Debug|x64.Build.0 = Debug|Any CPU
		{8DC0AFC4-6D65-4E61-A579-96ED6B566BB3}.Debug|x86.ActiveCfg = Debug|Any CPU
		{8DC0AFC4-6D65-4E61-A579-96ED6B566BB3}.Debug|x86.Build.0 = Debug|Any CPU
		{8DC0AFC4-6D65-4E61-A579-96ED6B566BB3}.Release|Any CPU.ActiveCfg = Release|Any CPU
		{8DC0AFC4-6D65-4E61-A579-96ED6B566BB3}.Release|Any CPU.Build.0 = Release|Any CPU
		{8DC0AFC4-6D65-4E61-A579-96ED6B566BB3}.Release|x64.ActiveCfg = Release|Any CPU
		{8DC0AFC4-6D65-4E61-A579-96ED6B566BB3}.Release|x64.Build.0 = Release|Any CPU
		{8DC0AFC4-6D65-4E61-A579-96ED6B566BB3}.Release|x86.ActiveCfg = Release|Any CPU
		{8DC0AFC4-6D65-4E61-A579-96ED6B566BB3}.Release|x86.Build.0 = Release|Any CPU
		{A0544F36-F2D2-4E42-980C-CEF8BFD84BFC}.Debug|Any CPU.ActiveCfg = Debug|Any CPU
		{A0544F36-F2D2-4E42-980C-CEF8BFD84BFC}.Debug|Any CPU.Build.0 = Debug|Any CPU
		{A0544F36-F2D2-4E42-980C-CEF8BFD84BFC}.Debug|x64.ActiveCfg = Debug|Any CPU
		{A0544F36-F2D2-4E42-980C-CEF8BFD84BFC}.Debug|x64.Build.0 = Debug|Any CPU
		{A0544F36-F2D2-4E42-980C-CEF8BFD84BFC}.Debug|x86.ActiveCfg = Debug|Any CPU
		{A0544F36-F2D2-4E42-980C-CEF8BFD84BFC}.Debug|x86.Build.0 = Debug|Any CPU
		{A0544F36-F2D2-4E42-980C-CEF8BFD84BFC}.Release|Any CPU.ActiveCfg = Release|Any CPU
		{A0544F36-F2D2-4E42-980C-CEF8BFD84BFC}.Release|Any CPU.Build.0 = Release|Any CPU
		{A0544F36-F2D2-4E42-980C-CEF8BFD84BFC}.Release|x64.ActiveCfg = Release|Any CPU
		{A0544F36-F2D2-4E42-980C-CEF8BFD84BFC}.Release|x64.Build.0 = Release|Any CPU
		{A0544F36-F2D2-4E42-980C-CEF8BFD84BFC}.Release|x86.ActiveCfg = Release|Any CPU
		{A0544F36-F2D2-4E42-980C-CEF8BFD84BFC}.Release|x86.Build.0 = Release|Any CPU
		{0B6AFE25-1C35-4D97-BC38-524A143C85B4}.Debug|Any CPU.ActiveCfg = Debug|Any CPU
		{0B6AFE25-1C35-4D97-BC38-524A143C85B4}.Debug|Any CPU.Build.0 = Debug|Any CPU
		{0B6AFE25-1C35-4D97-BC38-524A143C85B4}.Debug|x64.ActiveCfg = Debug|Any CPU
		{0B6AFE25-1C35-4D97-BC38-524A143C85B4}.Debug|x64.Build.0 = Debug|Any CPU
		{0B6AFE25-1C35-4D97-BC38-524A143C85B4}.Debug|x86.ActiveCfg = Debug|Any CPU
		{0B6AFE25-1C35-4D97-BC38-524A143C85B4}.Debug|x86.Build.0 = Debug|Any CPU
		{0B6AFE25-1C35-4D97-BC38-524A143C85B4}.Release|Any CPU.ActiveCfg = Release|Any CPU
		{0B6AFE25-1C35-4D97-BC38-524A143C85B4}.Release|Any CPU.Build.0 = Release|Any CPU
		{0B6AFE25-1C35-4D97-BC38-524A143C85B4}.Release|x64.ActiveCfg = Release|Any CPU
		{0B6AFE25-1C35-4D97-BC38-524A143C85B4}.Release|x64.Build.0 = Release|Any CPU
		{0B6AFE25-1C35-4D97-BC38-524A143C85B4}.Release|x86.ActiveCfg = Release|Any CPU
		{0B6AFE25-1C35-4D97-BC38-524A143C85B4}.Release|x86.Build.0 = Release|Any CPU
		{39DEC914-0FA8-428F-97A1-B7E961BE2EAE}.Debug|Any CPU.ActiveCfg = Debug|Any CPU
		{39DEC914-0FA8-428F-97A1-B7E961BE2EAE}.Debug|Any CPU.Build.0 = Debug|Any CPU
		{39DEC914-0FA8-428F-97A1-B7E961BE2EAE}.Debug|x64.ActiveCfg = Debug|Any CPU
		{39DEC914-0FA8-428F-97A1-B7E961BE2EAE}.Debug|x64.Build.0 = Debug|Any CPU
		{39DEC914-0FA8-428F-97A1-B7E961BE2EAE}.Debug|x86.ActiveCfg = Debug|Any CPU
		{39DEC914-0FA8-428F-97A1-B7E961BE2EAE}.Debug|x86.Build.0 = Debug|Any CPU
		{39DEC914-0FA8-428F-97A1-B7E961BE2EAE}.Release|Any CPU.ActiveCfg = Release|Any CPU
		{39DEC914-0FA8-428F-97A1-B7E961BE2EAE}.Release|Any CPU.Build.0 = Release|Any CPU
		{39DEC914-0FA8-428F-97A1-B7E961BE2EAE}.Release|x64.ActiveCfg = Release|Any CPU
		{39DEC914-0FA8-428F-97A1-B7E961BE2EAE}.Release|x64.Build.0 = Release|Any CPU
		{39DEC914-0FA8-428F-97A1-B7E961BE2EAE}.Release|x86.ActiveCfg = Release|Any CPU
		{39DEC914-0FA8-428F-97A1-B7E961BE2EAE}.Release|x86.Build.0 = Release|Any CPU
		{2205EBAD-A467-4B77-A650-9B5D05835460}.Debug|Any CPU.ActiveCfg = Debug|Any CPU
		{2205EBAD-A467-4B77-A650-9B5D05835460}.Debug|Any CPU.Build.0 = Debug|Any CPU
		{2205EBAD-A467-4B77-A650-9B5D05835460}.Debug|x64.ActiveCfg = Debug|Any CPU
		{2205EBAD-A467-4B77-A650-9B5D05835460}.Debug|x64.Build.0 = Debug|Any CPU
		{2205EBAD-A467-4B77-A650-9B5D05835460}.Debug|x86.ActiveCfg = Debug|Any CPU
		{2205EBAD-A467-4B77-A650-9B5D05835460}.Debug|x86.Build.0 = Debug|Any CPU
		{2205EBAD-A467-4B77-A650-9B5D05835460}.Release|Any CPU.ActiveCfg = Release|Any CPU
		{2205EBAD-A467-4B77-A650-9B5D05835460}.Release|Any CPU.Build.0 = Release|Any CPU
		{2205EBAD-A467-4B77-A650-9B5D05835460}.Release|x64.ActiveCfg = Release|Any CPU
		{2205EBAD-A467-4B77-A650-9B5D05835460}.Release|x64.Build.0 = Release|Any CPU
		{2205EBAD-A467-4B77-A650-9B5D05835460}.Release|x86.ActiveCfg = Release|Any CPU
		{2205EBAD-A467-4B77-A650-9B5D05835460}.Release|x86.Build.0 = Release|Any CPU
		{79AD404E-4127-49A1-A371-C2F97C3D057B}.Debug|Any CPU.ActiveCfg = Debug|Any CPU
		{79AD404E-4127-49A1-A371-C2F97C3D057B}.Debug|Any CPU.Build.0 = Debug|Any CPU
		{79AD404E-4127-49A1-A371-C2F97C3D057B}.Debug|x64.ActiveCfg = Debug|Any CPU
		{79AD404E-4127-49A1-A371-C2F97C3D057B}.Debug|x64.Build.0 = Debug|Any CPU
		{79AD404E-4127-49A1-A371-C2F97C3D057B}.Debug|x86.ActiveCfg = Debug|Any CPU
		{79AD404E-4127-49A1-A371-C2F97C3D057B}.Debug|x86.Build.0 = Debug|Any CPU
		{79AD404E-4127-49A1-A371-C2F97C3D057B}.Release|Any CPU.ActiveCfg = Release|Any CPU
		{79AD404E-4127-49A1-A371-C2F97C3D057B}.Release|Any CPU.Build.0 = Release|Any CPU
		{79AD404E-4127-49A1-A371-C2F97C3D057B}.Release|x64.ActiveCfg = Release|Any CPU
		{79AD404E-4127-49A1-A371-C2F97C3D057B}.Release|x64.Build.0 = Release|Any CPU
		{79AD404E-4127-49A1-A371-C2F97C3D057B}.Release|x86.ActiveCfg = Release|Any CPU
		{79AD404E-4127-49A1-A371-C2F97C3D057B}.Release|x86.Build.0 = Release|Any CPU
		{AEBB686D-EA02-4C15-8269-19095D5F8C0E}.Debug|Any CPU.ActiveCfg = Debug|Any CPU
		{AEBB686D-EA02-4C15-8269-19095D5F8C0E}.Debug|Any CPU.Build.0 = Debug|Any CPU
		{AEBB686D-EA02-4C15-8269-19095D5F8C0E}.Debug|x64.ActiveCfg = Debug|Any CPU
		{AEBB686D-EA02-4C15-8269-19095D5F8C0E}.Debug|x64.Build.0 = Debug|Any CPU
		{AEBB686D-EA02-4C15-8269-19095D5F8C0E}.Debug|x86.ActiveCfg = Debug|Any CPU
		{AEBB686D-EA02-4C15-8269-19095D5F8C0E}.Debug|x86.Build.0 = Debug|Any CPU
		{AEBB686D-EA02-4C15-8269-19095D5F8C0E}.Release|Any CPU.ActiveCfg = Release|Any CPU
		{AEBB686D-EA02-4C15-8269-19095D5F8C0E}.Release|Any CPU.Build.0 = Release|Any CPU
		{AEBB686D-EA02-4C15-8269-19095D5F8C0E}.Release|x64.ActiveCfg = Release|Any CPU
		{AEBB686D-EA02-4C15-8269-19095D5F8C0E}.Release|x64.Build.0 = Release|Any CPU
		{AEBB686D-EA02-4C15-8269-19095D5F8C0E}.Release|x86.ActiveCfg = Release|Any CPU
		{AEBB686D-EA02-4C15-8269-19095D5F8C0E}.Release|x86.Build.0 = Release|Any CPU
		{70E9CFDF-7994-4674-851F-12293E776405}.Debug|Any CPU.ActiveCfg = Debug|Any CPU
		{70E9CFDF-7994-4674-851F-12293E776405}.Debug|Any CPU.Build.0 = Debug|Any CPU
		{70E9CFDF-7994-4674-851F-12293E776405}.Debug|x64.ActiveCfg = Debug|Any CPU
		{70E9CFDF-7994-4674-851F-12293E776405}.Debug|x64.Build.0 = Debug|Any CPU
		{70E9CFDF-7994-4674-851F-12293E776405}.Debug|x86.ActiveCfg = Debug|Any CPU
		{70E9CFDF-7994-4674-851F-12293E776405}.Debug|x86.Build.0 = Debug|Any CPU
		{70E9CFDF-7994-4674-851F-12293E776405}.Release|Any CPU.ActiveCfg = Release|Any CPU
		{70E9CFDF-7994-4674-851F-12293E776405}.Release|Any CPU.Build.0 = Release|Any CPU
		{70E9CFDF-7994-4674-851F-12293E776405}.Release|x64.ActiveCfg = Release|Any CPU
		{70E9CFDF-7994-4674-851F-12293E776405}.Release|x64.Build.0 = Release|Any CPU
		{70E9CFDF-7994-4674-851F-12293E776405}.Release|x86.ActiveCfg = Release|Any CPU
		{70E9CFDF-7994-4674-851F-12293E776405}.Release|x86.Build.0 = Release|Any CPU
		{0B0D23D1-D7D9-4F73-9256-FD95EBCD1A8D}.Debug|Any CPU.ActiveCfg = Debug|Any CPU
		{0B0D23D1-D7D9-4F73-9256-FD95EBCD1A8D}.Debug|Any CPU.Build.0 = Debug|Any CPU
		{0B0D23D1-D7D9-4F73-9256-FD95EBCD1A8D}.Debug|x64.ActiveCfg = Debug|Any CPU
		{0B0D23D1-D7D9-4F73-9256-FD95EBCD1A8D}.Debug|x64.Build.0 = Debug|Any CPU
		{0B0D23D1-D7D9-4F73-9256-FD95EBCD1A8D}.Debug|x86.ActiveCfg = Debug|Any CPU
		{0B0D23D1-D7D9-4F73-9256-FD95EBCD1A8D}.Debug|x86.Build.0 = Debug|Any CPU
		{0B0D23D1-D7D9-4F73-9256-FD95EBCD1A8D}.Release|Any CPU.ActiveCfg = Release|Any CPU
		{0B0D23D1-D7D9-4F73-9256-FD95EBCD1A8D}.Release|Any CPU.Build.0 = Release|Any CPU
		{0B0D23D1-D7D9-4F73-9256-FD95EBCD1A8D}.Release|x64.ActiveCfg = Release|Any CPU
		{0B0D23D1-D7D9-4F73-9256-FD95EBCD1A8D}.Release|x64.Build.0 = Release|Any CPU
		{0B0D23D1-D7D9-4F73-9256-FD95EBCD1A8D}.Release|x86.ActiveCfg = Release|Any CPU
		{0B0D23D1-D7D9-4F73-9256-FD95EBCD1A8D}.Release|x86.Build.0 = Release|Any CPU
		{7F44D6D0-F481-4DF5-A19E-6BA22C157CD6}.Debug|Any CPU.ActiveCfg = Debug|Any CPU
		{7F44D6D0-F481-4DF5-A19E-6BA22C157CD6}.Debug|Any CPU.Build.0 = Debug|Any CPU
		{7F44D6D0-F481-4DF5-A19E-6BA22C157CD6}.Debug|x64.ActiveCfg = Debug|Any CPU
		{7F44D6D0-F481-4DF5-A19E-6BA22C157CD6}.Debug|x64.Build.0 = Debug|Any CPU
		{7F44D6D0-F481-4DF5-A19E-6BA22C157CD6}.Debug|x86.ActiveCfg = Debug|Any CPU
		{7F44D6D0-F481-4DF5-A19E-6BA22C157CD6}.Debug|x86.Build.0 = Debug|Any CPU
		{7F44D6D0-F481-4DF5-A19E-6BA22C157CD6}.Release|Any CPU.ActiveCfg = Release|Any CPU
		{7F44D6D0-F481-4DF5-A19E-6BA22C157CD6}.Release|Any CPU.Build.0 = Release|Any CPU
		{7F44D6D0-F481-4DF5-A19E-6BA22C157CD6}.Release|x64.ActiveCfg = Release|Any CPU
		{7F44D6D0-F481-4DF5-A19E-6BA22C157CD6}.Release|x64.Build.0 = Release|Any CPU
		{7F44D6D0-F481-4DF5-A19E-6BA22C157CD6}.Release|x86.ActiveCfg = Release|Any CPU
		{7F44D6D0-F481-4DF5-A19E-6BA22C157CD6}.Release|x86.Build.0 = Release|Any CPU
		{8745A241-7504-479B-AC58-E475DB50896F}.Debug|Any CPU.ActiveCfg = Debug|Any CPU
		{8745A241-7504-479B-AC58-E475DB50896F}.Debug|Any CPU.Build.0 = Debug|Any CPU
		{8745A241-7504-479B-AC58-E475DB50896F}.Debug|x64.ActiveCfg = Debug|Any CPU
		{8745A241-7504-479B-AC58-E475DB50896F}.Debug|x64.Build.0 = Debug|Any CPU
		{8745A241-7504-479B-AC58-E475DB50896F}.Debug|x86.ActiveCfg = Debug|Any CPU
		{8745A241-7504-479B-AC58-E475DB50896F}.Debug|x86.Build.0 = Debug|Any CPU
		{8745A241-7504-479B-AC58-E475DB50896F}.Release|Any CPU.ActiveCfg = Release|Any CPU
		{8745A241-7504-479B-AC58-E475DB50896F}.Release|Any CPU.Build.0 = Release|Any CPU
		{8745A241-7504-479B-AC58-E475DB50896F}.Release|x64.ActiveCfg = Release|Any CPU
		{8745A241-7504-479B-AC58-E475DB50896F}.Release|x64.Build.0 = Release|Any CPU
		{8745A241-7504-479B-AC58-E475DB50896F}.Release|x86.ActiveCfg = Release|Any CPU
		{8745A241-7504-479B-AC58-E475DB50896F}.Release|x86.Build.0 = Release|Any CPU
		{FBE363B7-6A76-4FDF-8DF0-55377A8FBD7C}.Debug|Any CPU.ActiveCfg = Debug|Any CPU
		{FBE363B7-6A76-4FDF-8DF0-55377A8FBD7C}.Debug|Any CPU.Build.0 = Debug|Any CPU
		{FBE363B7-6A76-4FDF-8DF0-55377A8FBD7C}.Debug|x64.ActiveCfg = Debug|Any CPU
		{FBE363B7-6A76-4FDF-8DF0-55377A8FBD7C}.Debug|x64.Build.0 = Debug|Any CPU
		{FBE363B7-6A76-4FDF-8DF0-55377A8FBD7C}.Debug|x86.ActiveCfg = Debug|Any CPU
		{FBE363B7-6A76-4FDF-8DF0-55377A8FBD7C}.Debug|x86.Build.0 = Debug|Any CPU
		{FBE363B7-6A76-4FDF-8DF0-55377A8FBD7C}.Release|Any CPU.ActiveCfg = Release|Any CPU
		{FBE363B7-6A76-4FDF-8DF0-55377A8FBD7C}.Release|Any CPU.Build.0 = Release|Any CPU
		{FBE363B7-6A76-4FDF-8DF0-55377A8FBD7C}.Release|x64.ActiveCfg = Release|Any CPU
		{FBE363B7-6A76-4FDF-8DF0-55377A8FBD7C}.Release|x64.Build.0 = Release|Any CPU
		{FBE363B7-6A76-4FDF-8DF0-55377A8FBD7C}.Release|x86.ActiveCfg = Release|Any CPU
		{FBE363B7-6A76-4FDF-8DF0-55377A8FBD7C}.Release|x86.Build.0 = Release|Any CPU
	EndGlobalSection
	GlobalSection(SolutionProperties) = preSolution
		HideSolutionNode = FALSE
	EndGlobalSection
	GlobalSection(NestedProjects) = preSolution
		{A0544F36-F2D2-4E42-980C-CEF8BFD84BFC} = {827E0CD3-B72D-47B6-A68D-7590B98EB39B}
		{0B6AFE25-1C35-4D97-BC38-524A143C85B4} = {827E0CD3-B72D-47B6-A68D-7590B98EB39B}
		{39DEC914-0FA8-428F-97A1-B7E961BE2EAE} = {827E0CD3-B72D-47B6-A68D-7590B98EB39B}
		{2205EBAD-A467-4B77-A650-9B5D05835460} = {827E0CD3-B72D-47B6-A68D-7590B98EB39B}
		{79AD404E-4127-49A1-A371-C2F97C3D057B} = {0AB3BF05-4346-4AA6-1389-037BE0695223}
		{AEBB686D-EA02-4C15-8269-19095D5F8C0E} = {0AB3BF05-4346-4AA6-1389-037BE0695223}
		{70E9CFDF-7994-4674-851F-12293E776405} = {0AB3BF05-4346-4AA6-1389-037BE0695223}
		{0B0D23D1-D7D9-4F73-9256-FD95EBCD1A8D} = {827E0CD3-B72D-47B6-A68D-7590B98EB39B}
		{7F44D6D0-F481-4DF5-A19E-6BA22C157CD6} = {0AB3BF05-4346-4AA6-1389-037BE0695223}
		{8745A241-7504-479B-AC58-E475DB50896F} = {827E0CD3-B72D-47B6-A68D-7590B98EB39B}
		{FBE363B7-6A76-4FDF-8DF0-55377A8FBD7C} = {0AB3BF05-4346-4AA6-1389-037BE0695223}
	EndGlobalSection
EndGlobal
